{
  "name": "canvasxpress-python",
  "lockfileVersion": 2,
  "requires": true,
  "packages": {
    "": {
      "dependencies": {
        "canvasxpress": "^37.9.5",
        "canvasxpress-react": "^37.9.5"
      }
    },
    "node_modules/canvasxpress": {
      "version": "37.9.5",
      "resolved": "https://registry.npmjs.org/canvasxpress/-/canvasxpress-37.9.5.tgz",
      "integrity": "sha512-A0kPIy9IwqIlO77ksKY2Ry974rqZmmwzyxQc1FHBKIaUeTs3uMlJVywTZVDVK3xeCTD+q75plAgFKzFEFpK1iQ=="
    },
    "node_modules/canvasxpress-react": {
      "version": "37.9.5",
      "resolved": "https://registry.npmjs.org/canvasxpress-react/-/canvasxpress-react-37.9.5.tgz",
      "integrity": "sha512-lFX/7Yd+uU/Y553M6S/ehRJiTbZE37dnc/Pd+FttTZfhwrYYri2skRgDVPawrJHuxp3m/PwHO94bbOEINYExIg=="
    }
  },
  "dependencies": {
    "canvasxpress": {
      "version": "37.9.5",
      "resolved": "https://registry.npmjs.org/canvasxpress/-/canvasxpress-37.9.5.tgz",
      "integrity": "sha512-A0kPIy9IwqIlO77ksKY2Ry974rqZmmwzyxQc1FHBKIaUeTs3uMlJVywTZVDVK3xeCTD+q75plAgFKzFEFpK1iQ=="
    },
    "canvasxpress-react": {
      "version": "37.9.5",
      "resolved": "https://registry.npmjs.org/canvasxpress-react/-/canvasxpress-react-37.9.5.tgz",
      "integrity": "sha512-lFX/7Yd+uU/Y553M6S/ehRJiTbZE37dnc/Pd+FttTZfhwrYYri2skRgDVPawrJHuxp3m/PwHO94bbOEINYExIg=="
    }
  }
}
