{
  "name": "canvasxpress-python",
  "lockfileVersion": 2,
  "requires": true,
  "packages": {
    "": {
      "dependencies": {
        "canvasxpress": "^37.8.5",
        "canvasxpress-react": "^37.8.5"
      }
    },
    "node_modules/canvasxpress": {
      "version": "37.8.5",
      "resolved": "https://registry.npmjs.org/canvasxpress/-/canvasxpress-37.8.5.tgz",
      "integrity": "sha512-RbFDaz2ZndkNPulODgZ/hUXhctEvdeiG6vApAVKOQK2Ao+Ca+iLoC7t5Kplkz80hJ22apRXxv4FWnNJLBRuQiQ=="
    },
    "node_modules/canvasxpress-react": {
      "version": "37.8.5",
      "resolved": "https://registry.npmjs.org/canvasxpress-react/-/canvasxpress-react-37.8.5.tgz",
      "integrity": "sha512-3MFlSduucl+gAHiuIyifa6UYHqD2otT+ALIByosPjmgBQ2rhKCIQvrdXXcV6DJm+QcPqoRjKV5cGNc9ZWlkUcw=="
    }
  },
  "dependencies": {
    "canvasxpress": {
      "version": "37.8.5",
      "resolved": "https://registry.npmjs.org/canvasxpress/-/canvasxpress-37.8.5.tgz",
      "integrity": "sha512-RbFDaz2ZndkNPulODgZ/hUXhctEvdeiG6vApAVKOQK2Ao+Ca+iLoC7t5Kplkz80hJ22apRXxv4FWnNJLBRuQiQ=="
    },
    "canvasxpress-react": {
      "version": "37.8.5",
      "resolved": "https://registry.npmjs.org/canvasxpress-react/-/canvasxpress-react-37.8.5.tgz",
      "integrity": "sha512-3MFlSduucl+gAHiuIyifa6UYHqD2otT+ALIByosPjmgBQ2rhKCIQvrdXXcV6DJm+QcPqoRjKV5cGNc9ZWlkUcw=="
    }
  }
}
